
Microsoft Visual Studio Solution File, Format Version 12.00
# Visual Studio Version 17
VisualStudioVersion = 17.11.35327.3
MinimumVisualStudioVersion = 10.0.40219.1
Project("{FAE04EC0-301F-11D3-BF4B-00C04F79EFBC}") = "KnowledgeCheck1_Calculator", "KnowledgeCheck1_Calculator\KnowledgeCheck1_Calculator.csproj", "{9D1A3184-31DD-4555-A258-7A065846DE75}"
EndProject
Global
	GlobalSection(SolutionConfigurationPlatforms) = preSolution
		Debug|Any CPU = Debug|Any CPU
		Release|Any CPU = Release|Any CPU
	EndGlobalSection
	GlobalSection(ProjectConfigurationPlatforms) = postSolution
		{9D1A3184-31DD-4555-A258-7A065846DE75}.Debug|Any CPU.ActiveCfg = Debug|Any CPU
		{9D1A3184-31DD-4555-A258-7A065846DE75}.Debug|Any CPU.Build.0 = Debug|Any CPU
		{9D1A3184-31DD-4555-A258-7A065846DE75}.Release|Any CPU.ActiveCfg = Release|Any CPU
		{9D1A3184-31DD-4555-A258-7A065846DE75}.Release|Any CPU.Build.0 = Release|Any CPU
	EndGlobalSection
	GlobalSection(SolutionProperties) = preSolution
		HideSolutionNode = FALSE
	EndGlobalSection
	GlobalSection(ExtensibilityGlobals) = postSolution
		SolutionGuid = {50359806-FF56-4F00-9431-457620CD4F80}
	EndGlobalSection
EndGlobal
